// !$*UTF8*$!
{
	archiveVersion = 1;
	classes = {
	};
	objectVersion = 50;
	objects = {

/* Begin PBXBuildFile section */
		884CC01F263CDAE70055B5B8 /* HeadingView.swift in Sources */ = {isa = PBXBuildFile; fileRef = 884CC01E263CDAE70055B5B8 /* HeadingView.swift */; };
		884CC022263CDD6D0055B5B8 /* InsetGalleryView.swift in Sources */ = {isa = PBXBuildFile; fileRef = 884CC021263CDD6D0055B5B8 /* InsetGalleryView.swift */; };
		8858ECA826529553008C8965 /* MapAnnotationView.swift in Sources */ = {isa = PBXBuildFile; fileRef = 8858ECA726529553008C8965 /* MapAnnotationView.swift */; };
		8866FB9E264C9D3600746335 /* VideoModel.swift in Sources */ = {isa = PBXBuildFile; fileRef = 8866FB9D264C9D3600746335 /* VideoModel.swift */; };
		8866FBA1264CA00B00746335 /* VideoListItem.swift in Sources */ = {isa = PBXBuildFile; fileRef = 8866FBA0264CA00B00746335 /* VideoListItem.swift */; };
		889165D7264F9393003F4F82 /* VideoPlayerView.swift in Sources */ = {isa = PBXBuildFile; fileRef = 889165D6264F9393003F4F82 /* VideoPlayerView.swift */; };
		889165DB264F94B4003F4F82 /* VideoPlayerHelper.swift in Sources */ = {isa = PBXBuildFile; fileRef = 889165DA264F94B4003F4F82 /* VideoPlayerHelper.swift */; };
		889165E0264F96EA003F4F82 /* lion.mp4 in Resources */ = {isa = PBXBuildFile; fileRef = 889165DE264F96E8003F4F82 /* lion.mp4 */; };
		889165E1264F96EA003F4F82 /* lioness.mp4 in Resources */ = {isa = PBXBuildFile; fileRef = 889165DF264F96EA003F4F82 /* lioness.mp4 */; };
		889165E4264F9AAD003F4F82 /* LocationModel.swift in Sources */ = {isa = PBXBuildFile; fileRef = 889165E3264F9AAD003F4F82 /* LocationModel.swift */; };
		88997F25263E28E90061437D /* InsetFactView.swift in Sources */ = {isa = PBXBuildFile; fileRef = 88997F24263E28E90061437D /* InsetFactView.swift */; };
		88997F28263E2C920061437D /* InsetMapView.swift in Sources */ = {isa = PBXBuildFile; fileRef = 88997F27263E2C920061437D /* InsetMapView.swift */; };
		88DE366C2638FA0500F91F90 /* AfricaApp.swift in Sources */ = {isa = PBXBuildFile; fileRef = 88DE366B2638FA0500F91F90 /* AfricaApp.swift */; };
		88DE366E2638FA0500F91F90 /* ContentView.swift in Sources */ = {isa = PBXBuildFile; fileRef = 88DE366D2638FA0500F91F90 /* ContentView.swift */; };
		88DE36702638FA0D00F91F90 /* Assets.xcassets in Resources */ = {isa = PBXBuildFile; fileRef = 88DE366F2638FA0D00F91F90 /* Assets.xcassets */; };
		88DE36732638FA0D00F91F90 /* Preview Assets.xcassets in Resources */ = {isa = PBXBuildFile; fileRef = 88DE36722638FA0D00F91F90 /* Preview Assets.xcassets */; };
		88DE36842638FB5000F91F90 /* gorilla.mp4 in Resources */ = {isa = PBXBuildFile; fileRef = 88DE367C2638FB4C00F91F90 /* gorilla.mp4 */; };
		88DE36852638FB5000F91F90 /* elephant.mp4 in Resources */ = {isa = PBXBuildFile; fileRef = 88DE367D2638FB4C00F91F90 /* elephant.mp4 */; };
		88DE36862638FB5000F91F90 /* hippo.mp4 in Resources */ = {isa = PBXBuildFile; fileRef = 88DE367E2638FB4D00F91F90 /* hippo.mp4 */; };
		88DE36872638FB5000F91F90 /* zebra.mp4 in Resources */ = {isa = PBXBuildFile; fileRef = 88DE367F2638FB4E00F91F90 /* zebra.mp4 */; };
		88DE36882638FB5000F91F90 /* giraffe.mp4 in Resources */ = {isa = PBXBuildFile; fileRef = 88DE36802638FB4E00F91F90 /* giraffe.mp4 */; };
		88DE36892638FB5000F91F90 /* cheetah.mp4 in Resources */ = {isa = PBXBuildFile; fileRef = 88DE36812638FB4F00F91F90 /* cheetah.mp4 */; };
		88DE368A2638FB5000F91F90 /* rhino.mp4 in Resources */ = {isa = PBXBuildFile; fileRef = 88DE36822638FB4F00F91F90 /* rhino.mp4 */; };
		88DE368B2638FB5000F91F90 /* ostrich.mp4 in Resources */ = {isa = PBXBuildFile; fileRef = 88DE36832638FB5000F91F90 /* ostrich.mp4 */; };
		88DEC8D8263B7A7400C2A615 /* VideoListView.swift in Sources */ = {isa = PBXBuildFile; fileRef = 88DEC8D7263B7A7400C2A615 /* VideoListView.swift */; };
		88DEC8DB263B7A8300C2A615 /* MapView.swift in Sources */ = {isa = PBXBuildFile; fileRef = 88DEC8DA263B7A8300C2A615 /* MapView.swift */; };
		88DEC8DE263B7A9200C2A615 /* GalleryView.swift in Sources */ = {isa = PBXBuildFile; fileRef = 88DEC8DD263B7A9200C2A615 /* GalleryView.swift */; };
		88DEC8E1263B7A9F00C2A615 /* MainView.swift in Sources */ = {isa = PBXBuildFile; fileRef = 88DEC8E0263B7A9F00C2A615 /* MainView.swift */; };
		88DEC8E5263B7DDC00C2A615 /* CoverImageView.swift in Sources */ = {isa = PBXBuildFile; fileRef = 88DEC8E4263B7DDC00C2A615 /* CoverImageView.swift */; };
		88DEC8E9263B81B000C2A615 /* CoverImageModel.swift in Sources */ = {isa = PBXBuildFile; fileRef = 88DEC8E8263B81B000C2A615 /* CoverImageModel.swift */; };
		88DEC8ED263B826700C2A615 /* CodableBundleExtension.swift in Sources */ = {isa = PBXBuildFile; fileRef = 88DEC8EC263B826700C2A615 /* CodableBundleExtension.swift */; };
		88DEC8F0263B863100C2A615 /* AnimalListItemView.swift in Sources */ = {isa = PBXBuildFile; fileRef = 88DEC8EF263B863100C2A615 /* AnimalListItemView.swift */; };
		88DEC8F3263B879300C2A615 /* AnimalModel.swift in Sources */ = {isa = PBXBuildFile; fileRef = 88DEC8F2263B879300C2A615 /* AnimalModel.swift */; };
		88DEC8FA263B8C4F00C2A615 /* animals.json in Resources */ = {isa = PBXBuildFile; fileRef = 88DEC8F6263B8C4F00C2A615 /* animals.json */; };
		88DEC8FB263B8C4F00C2A615 /* videos.json in Resources */ = {isa = PBXBuildFile; fileRef = 88DEC8F7263B8C4F00C2A615 /* videos.json */; };
		88DEC8FC263B8C4F00C2A615 /* locations.json in Resources */ = {isa = PBXBuildFile; fileRef = 88DEC8F8263B8C4F00C2A615 /* locations.json */; };
		88DEC8FD263B8C4F00C2A615 /* covers.json in Resources */ = {isa = PBXBuildFile; fileRef = 88DEC8F9263B8C4F00C2A615 /* covers.json */; };
		88F43527263CC9D100022A81 /* AnimalDetailView.swift in Sources */ = {isa = PBXBuildFile; fileRef = 88F43526263CC9D100022A81 /* AnimalDetailView.swift */; };
/* End PBXBuildFile section */

/* Begin PBXFileReference section */
		884CC01E263CDAE70055B5B8 /* HeadingView.swift */ = {isa = PBXFileReference; lastKnownFileType = sourcecode.swift; path = HeadingView.swift; sourceTree = "<group>"; };
		884CC021263CDD6D0055B5B8 /* InsetGalleryView.swift */ = {isa = PBXFileReference; lastKnownFileType = sourcecode.swift; path = InsetGalleryView.swift; sourceTree = "<group>"; };
		8858ECA726529553008C8965 /* MapAnnotationView.swift */ = {isa = PBXFileReference; lastKnownFileType = sourcecode.swift; path = MapAnnotationView.swift; sourceTree = "<group>"; };
		8866FB9D264C9D3600746335 /* VideoModel.swift */ = {isa = PBXFileReference; lastKnownFileType = sourcecode.swift; path = VideoModel.swift; sourceTree = "<group>"; };
		8866FBA0264CA00B00746335 /* VideoListItem.swift */ = {isa = PBXFileReference; lastKnownFileType = sourcecode.swift; path = VideoListItem.swift; sourceTree = "<group>"; };
		889165D6264F9393003F4F82 /* VideoPlayerView.swift */ = {isa = PBXFileReference; lastKnownFileType = sourcecode.swift; path = VideoPlayerView.swift; sourceTree = "<group>"; };
		889165DA264F94B4003F4F82 /* VideoPlayerHelper.swift */ = {isa = PBXFileReference; lastKnownFileType = sourcecode.swift; path = VideoPlayerHelper.swift; sourceTree = "<group>"; };
		889165DE264F96E8003F4F82 /* lion.mp4 */ = {isa = PBXFileReference; lastKnownFileType = file; path = lion.mp4; sourceTree = "<group>"; };
		889165DF264F96EA003F4F82 /* lioness.mp4 */ = {isa = PBXFileReference; lastKnownFileType = file; path = lioness.mp4; sourceTree = "<group>"; };
		889165E3264F9AAD003F4F82 /* LocationModel.swift */ = {isa = PBXFileReference; lastKnownFileType = sourcecode.swift; path = LocationModel.swift; sourceTree = "<group>"; };
		88997F24263E28E90061437D /* InsetFactView.swift */ = {isa = PBXFileReference; lastKnownFileType = sourcecode.swift; path = InsetFactView.swift; sourceTree = "<group>"; };
		88997F27263E2C920061437D /* InsetMapView.swift */ = {isa = PBXFileReference; lastKnownFileType = sourcecode.swift; path = InsetMapView.swift; sourceTree = "<group>"; };
		88DE36682638FA0500F91F90 /* Africa.app */ = {isa = PBXFileReference; explicitFileType = wrapper.application; includeInIndex = 0; path = Africa.app; sourceTree = BUILT_PRODUCTS_DIR; };
		88DE366B2638FA0500F91F90 /* AfricaApp.swift */ = {isa = PBXFileReference; lastKnownFileType = sourcecode.swift; path = AfricaApp.swift; sourceTree = "<group>"; };
		88DE366D2638FA0500F91F90 /* ContentView.swift */ = {isa = PBXFileReference; lastKnownFileType = sourcecode.swift; path = ContentView.swift; sourceTree = "<group>"; };
		88DE366F2638FA0D00F91F90 /* Assets.xcassets */ = {isa = PBXFileReference; lastKnownFileType = folder.assetcatalog; path = Assets.xcassets; sourceTree = "<group>"; };
		88DE36722638FA0D00F91F90 /* Preview Assets.xcassets */ = {isa = PBXFileReference; lastKnownFileType = folder.assetcatalog; path = "Preview Assets.xcassets"; sourceTree = "<group>"; };
		88DE36742638FA0D00F91F90 /* Info.plist */ = {isa = PBXFileReference; lastKnownFileType = text.plist.xml; path = Info.plist; sourceTree = "<group>"; };
		88DE367C2638FB4C00F91F90 /* gorilla.mp4 */ = {isa = PBXFileReference; lastKnownFileType = file; path = gorilla.mp4; sourceTree = "<group>"; };
		88DE367D2638FB4C00F91F90 /* elephant.mp4 */ = {isa = PBXFileReference; lastKnownFileType = file; path = elephant.mp4; sourceTree = "<group>"; };
		88DE367E2638FB4D00F91F90 /* hippo.mp4 */ = {isa = PBXFileReference; lastKnownFileType = file; path = hippo.mp4; sourceTree = "<group>"; };
		88DE367F2638FB4E00F91F90 /* zebra.mp4 */ = {isa = PBXFileReference; lastKnownFileType = file; path = zebra.mp4; sourceTree = "<group>"; };
		88DE36802638FB4E00F91F90 /* giraffe.mp4 */ = {isa = PBXFileReference; lastKnownFileType = file; path = giraffe.mp4; sourceTree = "<group>"; };
		88DE36812638FB4F00F91F90 /* cheetah.mp4 */ = {isa = PBXFileReference; lastKnownFileType = file; path = cheetah.mp4; sourceTree = "<group>"; };
		88DE36822638FB4F00F91F90 /* rhino.mp4 */ = {isa = PBXFileReference; lastKnownFileType = file; path = rhino.mp4; sourceTree = "<group>"; };
		88DE36832638FB5000F91F90 /* ostrich.mp4 */ = {isa = PBXFileReference; lastKnownFileType = file; path = ostrich.mp4; sourceTree = "<group>"; };
		88DEC8D7263B7A7400C2A615 /* VideoListView.swift */ = {isa = PBXFileReference; lastKnownFileType = sourcecode.swift; path = VideoListView.swift; sourceTree = "<group>"; };
		88DEC8DA263B7A8300C2A615 /* MapView.swift */ = {isa = PBXFileReference; lastKnownFileType = sourcecode.swift; path = MapView.swift; sourceTree = "<group>"; };
		88DEC8DD263B7A9200C2A615 /* GalleryView.swift */ = {isa = PBXFileReference; lastKnownFileType = sourcecode.swift; path = GalleryView.swift; sourceTree = "<group>"; };
		88DEC8E0263B7A9F00C2A615 /* MainView.swift */ = {isa = PBXFileReference; lastKnownFileType = sourcecode.swift; path = MainView.swift; sourceTree = "<group>"; };
		88DEC8E4263B7DDC00C2A615 /* CoverImageView.swift */ = {isa = PBXFileReference; lastKnownFileType = sourcecode.swift; path = CoverImageView.swift; sourceTree = "<group>"; };
		88DEC8E8263B81B000C2A615 /* CoverImageModel.swift */ = {isa = PBXFileReference; lastKnownFileType = sourcecode.swift; path = CoverImageModel.swift; sourceTree = "<group>"; };
		88DEC8EC263B826700C2A615 /* CodableBundleExtension.swift */ = {isa = PBXFileReference; lastKnownFileType = sourcecode.swift; path = CodableBundleExtension.swift; sourceTree = "<group>"; };
		88DEC8EF263B863100C2A615 /* AnimalListItemView.swift */ = {isa = PBXFileReference; lastKnownFileType = sourcecode.swift; path = AnimalListItemView.swift; sourceTree = "<group>"; };
		88DEC8F2263B879300C2A615 /* AnimalModel.swift */ = {isa = PBXFileReference; lastKnownFileType = sourcecode.swift; path = AnimalModel.swift; sourceTree = "<group>"; };
		88DEC8F6263B8C4F00C2A615 /* animals.json */ = {isa = PBXFileReference; fileEncoding = 4; lastKnownFileType = text.json; path = animals.json; sourceTree = "<group>"; };
		88DEC8F7263B8C4F00C2A615 /* videos.json */ = {isa = PBXFileReference; fileEncoding = 4; lastKnownFileType = text.json; path = videos.json; sourceTree = "<group>"; };
		88DEC8F8263B8C4F00C2A615 /* locations.json */ = {isa = PBXFileReference; fileEncoding = 4; lastKnownFileType = text.json; path = locations.json; sourceTree = "<group>"; };
		88DEC8F9263B8C4F00C2A615 /* covers.json */ = {isa = PBXFileReference; fileEncoding = 4; lastKnownFileType = text.json; path = covers.json; sourceTree = "<group>"; };
		88F43526263CC9D100022A81 /* AnimalDetailView.swift */ = {isa = PBXFileReference; lastKnownFileType = sourcecode.swift; path = AnimalDetailView.swift; sourceTree = "<group>"; };
/* End PBXFileReference section */

/* Begin PBXFrameworksBuildPhase section */
		88DE36652638FA0500F91F90 /* Frameworks */ = {
			isa = PBXFrameworksBuildPhase;
			buildActionMask = 2147483647;
			files = (
			);
			runOnlyForDeploymentPostprocessing = 0;
		};
/* End PBXFrameworksBuildPhase section */

/* Begin PBXGroup section */
		889165D9264F947E003F4F82 /* Helpers */ = {
			isa = PBXGroup;
			children = (
				889165DA264F94B4003F4F82 /* VideoPlayerHelper.swift */,
			);
			path = Helpers;
			sourceTree = "<group>";
		};
		88DE365F2638FA0500F91F90 = {
			isa = PBXGroup;
			children = (
				88DE366A2638FA0500F91F90 /* Africa */,
				88DE36692638FA0500F91F90 /* Products */,
			);
			sourceTree = "<group>";
		};
		88DE36692638FA0500F91F90 /* Products */ = {
			isa = PBXGroup;
			children = (
				88DE36682638FA0500F91F90 /* Africa.app */,
			);
			name = Products;
			sourceTree = "<group>";
		};
		88DE366A2638FA0500F91F90 /* Africa */ = {
			isa = PBXGroup;
			children = (
				889165D9264F947E003F4F82 /* Helpers */,
				88DEC8EB263B825500C2A615 /* Extension */,
				88DEC8E7263B81A100C2A615 /* Model */,
				88DEC8E3263B7DD000C2A615 /* View */,
				88DEC8CA263B77D600C2A615 /* Data */,
				88DE367B2638FB3000F91F90 /* Video */,
				88DEC8D5263B7A3F00C2A615 /* App */,
				88DE366F2638FA0D00F91F90 /* Assets.xcassets */,
				88DE36742638FA0D00F91F90 /* Info.plist */,
				88DE36712638FA0D00F91F90 /* Preview Content */,
			);
			path = Africa;
			sourceTree = "<group>";
		};
		88DE36712638FA0D00F91F90 /* Preview Content */ = {
			isa = PBXGroup;
			children = (
				88DE36722638FA0D00F91F90 /* Preview Assets.xcassets */,
			);
			path = "Preview Content";
			sourceTree = "<group>";
		};
		88DE367B2638FB3000F91F90 /* Video */ = {
			isa = PBXGroup;
			children = (
				88DE36812638FB4F00F91F90 /* cheetah.mp4 */,
				88DE367D2638FB4C00F91F90 /* elephant.mp4 */,
				88DE36802638FB4E00F91F90 /* giraffe.mp4 */,
				88DE367C2638FB4C00F91F90 /* gorilla.mp4 */,
				88DE367E2638FB4D00F91F90 /* hippo.mp4 */,
				889165DE264F96E8003F4F82 /* lion.mp4 */,
				889165DF264F96EA003F4F82 /* lioness.mp4 */,
				88DE36832638FB5000F91F90 /* ostrich.mp4 */,
				88DE36822638FB4F00F91F90 /* rhino.mp4 */,
				88DE367F2638FB4E00F91F90 /* zebra.mp4 */,
			);
			path = Video;
			sourceTree = "<group>";
		};
		88DEC8CA263B77D600C2A615 /* Data */ = {
			isa = PBXGroup;
			children = (
				88DEC8F6263B8C4F00C2A615 /* animals.json */,
				88DEC8F9263B8C4F00C2A615 /* covers.json */,
				88DEC8F8263B8C4F00C2A615 /* locations.json */,
				88DEC8F7263B8C4F00C2A615 /* videos.json */,
			);
			path = Data;
			sourceTree = "<group>";
		};
		88DEC8D5263B7A3F00C2A615 /* App */ = {
			isa = PBXGroup;
			children = (
				88DE366B2638FA0500F91F90 /* AfricaApp.swift */,
				88DE366D2638FA0500F91F90 /* ContentView.swift */,
				88DEC8D7263B7A7400C2A615 /* VideoListView.swift */,
				88DEC8DA263B7A8300C2A615 /* MapView.swift */,
				88DEC8DD263B7A9200C2A615 /* GalleryView.swift */,
				88DEC8E0263B7A9F00C2A615 /* MainView.swift */,
			);
			path = App;
			sourceTree = "<group>";
		};
		88DEC8E3263B7DD000C2A615 /* View */ = {
			isa = PBXGroup;
			children = (
				88DEC8E4263B7DDC00C2A615 /* CoverImageView.swift */,
				88DEC8EF263B863100C2A615 /* AnimalListItemView.swift */,
				88F43526263CC9D100022A81 /* AnimalDetailView.swift */,
				884CC01E263CDAE70055B5B8 /* HeadingView.swift */,
				884CC021263CDD6D0055B5B8 /* InsetGalleryView.swift */,
				88997F24263E28E90061437D /* InsetFactView.swift */,
				88997F27263E2C920061437D /* InsetMapView.swift */,
				8866FBA0264CA00B00746335 /* VideoListItem.swift */,
				889165D6264F9393003F4F82 /* VideoPlayerView.swift */,
				8858ECA726529553008C8965 /* MapAnnotationView.swift */,
			);
			path = View;
			sourceTree = "<group>";
		};
		88DEC8E7263B81A100C2A615 /* Model */ = {
			isa = PBXGroup;
			children = (
				88DEC8E8263B81B000C2A615 /* CoverImageModel.swift */,
				88DEC8F2263B879300C2A615 /* AnimalModel.swift */,
				8866FB9D264C9D3600746335 /* VideoModel.swift */,
				889165E3264F9AAD003F4F82 /* LocationModel.swift */,
			);
			path = Model;
			sourceTree = "<group>";
		};
		88DEC8EB263B825500C2A615 /* Extension */ = {
			isa = PBXGroup;
			children = (
				88DEC8EC263B826700C2A615 /* CodableBundleExtension.swift */,
			);
			path = Extension;
			sourceTree = "<group>";
		};
/* End PBXGroup section */

/* Begin PBXNativeTarget section */
		88DE36672638FA0500F91F90 /* Africa */ = {
			isa = PBXNativeTarget;
			buildConfigurationList = 88DE36772638FA0D00F91F90 /* Build configuration list for PBXNativeTarget "Africa" */;
			buildPhases = (
				88DE36642638FA0500F91F90 /* Sources */,
				88DE36652638FA0500F91F90 /* Frameworks */,
				88DE36662638FA0500F91F90 /* Resources */,
			);
			buildRules = (
			);
			dependencies = (
			);
			name = Africa;
			productName = Africa;
			productReference = 88DE36682638FA0500F91F90 /* Africa.app */;
			productType = "com.apple.product-type.application";
		};
/* End PBXNativeTarget section */

/* Begin PBXProject section */
		88DE36602638FA0500F91F90 /* Project object */ = {
			isa = PBXProject;
			attributes = {
				LastSwiftUpdateCheck = 1240;
				LastUpgradeCheck = 1240;
				TargetAttributes = {
					88DE36672638FA0500F91F90 = {
						CreatedOnToolsVersion = 12.4;
					};
				};
			};
			buildConfigurationList = 88DE36632638FA0500F91F90 /* Build configuration list for PBXProject "Africa" */;
			compatibilityVersion = "Xcode 9.3";
			developmentRegion = en;
			hasScannedForEncodings = 0;
			knownRegions = (
				en,
				Base,
			);
			mainGroup = 88DE365F2638FA0500F91F90;
			productRefGroup = 88DE36692638FA0500F91F90 /* Products */;
			projectDirPath = "";
			projectRoot = "";
			targets = (
				88DE36672638FA0500F91F90 /* Africa */,
			);
		};
/* End PBXProject section */

/* Begin PBXResourcesBuildPhase section */
		88DE36662638FA0500F91F90 /* Resources */ = {
			isa = PBXResourcesBuildPhase;
			buildActionMask = 2147483647;
			files = (
				88DEC8FC263B8C4F00C2A615 /* locations.json in Resources */,
				88DE36862638FB5000F91F90 /* hippo.mp4 in Resources */,
				88DE36852638FB5000F91F90 /* elephant.mp4 in Resources */,
				88DE36732638FA0D00F91F90 /* Preview Assets.xcassets in Resources */,
				88DE368A2638FB5000F91F90 /* rhino.mp4 in Resources */,
				88DE36842638FB5000F91F90 /* gorilla.mp4 in Resources */,
				88DEC8FB263B8C4F00C2A615 /* videos.json in Resources */,
				889165E1264F96EA003F4F82 /* lioness.mp4 in Resources */,
				88DEC8FD263B8C4F00C2A615 /* covers.json in Resources */,
				88DE36892638FB5000F91F90 /* cheetah.mp4 in Resources */,
				88DEC8FA263B8C4F00C2A615 /* animals.json in Resources */,
				88DE36872638FB5000F91F90 /* zebra.mp4 in Resources */,
				88DE36882638FB5000F91F90 /* giraffe.mp4 in Resources */,
				88DE368B2638FB5000F91F90 /* ostrich.mp4 in Resources */,
				889165E0264F96EA003F4F82 /* lion.mp4 in Resources */,
				88DE36702638FA0D00F91F90 /* Assets.xcassets in Resources */,
			);
			runOnlyForDeploymentPostprocessing = 0;
		};
/* End PBXResourcesBuildPhase section */

/* Begin PBXSourcesBuildPhase section */
		88DE36642638FA0500F91F90 /* Sources */ = {
			isa = PBXSourcesBuildPhase;
			buildActionMask = 2147483647;
			files = (
				8858ECA826529553008C8965 /* MapAnnotationView.swift in Sources */,
				88DE366E2638FA0500F91F90 /* ContentView.swift in Sources */,
				889165D7264F9393003F4F82 /* VideoPlayerView.swift in Sources */,
				88DEC8F0263B863100C2A615 /* AnimalListItemView.swift in Sources */,
				88DEC8E1263B7A9F00C2A615 /* MainView.swift in Sources */,
				88997F25263E28E90061437D /* InsetFactView.swift in Sources */,
				88DEC8E5263B7DDC00C2A615 /* CoverImageView.swift in Sources */,
				88DEC8E9263B81B000C2A615 /* CoverImageModel.swift in Sources */,
				88F43527263CC9D100022A81 /* AnimalDetailView.swift in Sources */,
				88DEC8F3263B879300C2A615 /* AnimalModel.swift in Sources */,
				8866FB9E264C9D3600746335 /* VideoModel.swift in Sources */,
				889165DB264F94B4003F4F82 /* VideoPlayerHelper.swift in Sources */,
				88DEC8DB263B7A8300C2A615 /* MapView.swift in Sources */,
				88997F28263E2C920061437D /* InsetMapView.swift in Sources */,
				88DE366C2638FA0500F91F90 /* AfricaApp.swift in Sources */,
				8866FBA1264CA00B00746335 /* VideoListItem.swift in Sources */,
				88DEC8D8263B7A7400C2A615 /* VideoListView.swift in Sources */,
				88DEC8DE263B7A9200C2A615 /* GalleryView.swift in Sources */,
				884CC022263CDD6D0055B5B8 /* InsetGalleryView.swift in Sources */,
				88DEC8ED263B826700C2A615 /* CodableBundleExtension.swift in Sources */,
				889165E4264F9AAD003F4F82 /* LocationModel.swift in Sources */,
				884CC01F263CDAE70055B5B8 /* HeadingView.swift in Sources */,
			);
			runOnlyForDeploymentPostprocessing = 0;
		};
/* End PBXSourcesBuildPhase section */

/* Begin XCBuildConfiguration section */
		88DE36752638FA0D00F91F90 /* Debug */ = {
			isa = XCBuildConfiguration;
			buildSettings = {
				ALWAYS_SEARCH_USER_PATHS = NO;
				CLANG_ANALYZER_NONNULL = YES;
				CLANG_ANALYZER_NUMBER_OBJECT_CONVERSION = YES_AGGRESSIVE;
				CLANG_CXX_LANGUAGE_STANDARD = "gnu++14";
				CLANG_CXX_LIBRARY = "libc++";
				CLANG_ENABLE_MODULES = YES;
				CLANG_ENABLE_OBJC_ARC = YES;
				CLANG_ENABLE_OBJC_WEAK = YES;
				CLANG_WARN_BLOCK_CAPTURE_AUTORELEASING = YES;
				CLANG_WARN_BOOL_CONVERSION = YES;
				CLANG_WARN_COMMA = YES;
				CLANG_WARN_CONSTANT_CONVERSION = YES;
				CLANG_WARN_DEPRECATED_OBJC_IMPLEMENTATIONS = YES;
				CLANG_WARN_DIRECT_OBJC_ISA_USAGE = YES_ERROR;
				CLANG_WARN_DOCUMENTATION_COMMENTS = YES;
				CLANG_WARN_EMPTY_BODY = YES;
				CLANG_WARN_ENUM_CONVERSION = YES;
				CLANG_WARN_INFINITE_RECURSION = YES;
				CLANG_WARN_INT_CONVERSION = YES;
				CLANG_WARN_NON_LITERAL_NULL_CONVERSION = YES;
				CLANG_WARN_OBJC_IMPLICIT_RETAIN_SELF = YES;
				CLANG_WARN_OBJC_LITERAL_CONVERSION = YES;
				CLANG_WARN_OBJC_ROOT_CLASS = YES_ERROR;
				CLANG_WARN_QUOTED_INCLUDE_IN_FRAMEWORK_HEADER = YES;
				CLANG_WARN_RANGE_LOOP_ANALYSIS = YES;
				CLANG_WARN_STRICT_PROTOTYPES = YES;
				CLANG_WARN_SUSPICIOUS_MOVE = YES;
				CLANG_WARN_UNGUARDED_AVAILABILITY = YES_AGGRESSIVE;
				CLANG_WARN_UNREACHABLE_CODE = YES;
				CLANG_WARN__DUPLICATE_METHOD_MATCH = YES;
				COPY_PHASE_STRIP = NO;
				DEBUG_INFORMATION_FORMAT = dwarf;
				ENABLE_STRICT_OBJC_MSGSEND = YES;
				ENABLE_TESTABILITY = YES;
				GCC_C_LANGUAGE_STANDARD = gnu11;
				GCC_DYNAMIC_NO_PIC = NO;
				GCC_NO_COMMON_BLOCKS = YES;
				GCC_OPTIMIZATION_LEVEL = 0;
				GCC_PREPROCESSOR_DEFINITIONS = (
					"DEBUG=1",
					"$(inherited)",
				);
				GCC_WARN_64_TO_32_BIT_CONVERSION = YES;
				GCC_WARN_ABOUT_RETURN_TYPE = YES_ERROR;
				GCC_WARN_UNDECLARED_SELECTOR = YES;
				GCC_WARN_UNINITIALIZED_AUTOS = YES_AGGRESSIVE;
				GCC_WARN_UNUSED_FUNCTION = YES;
				GCC_WARN_UNUSED_VARIABLE = YES;
				IPHONEOS_DEPLOYMENT_TARGET = 14.4;
				MTL_ENABLE_DEBUG_INFO = INCLUDE_SOURCE;
				MTL_FAST_MATH = YES;
				ONLY_ACTIVE_ARCH = YES;
				SDKROOT = iphoneos;
				SWIFT_ACTIVE_COMPILATION_CONDITIONS = DEBUG;
				SWIFT_OPTIMIZATION_LEVEL = "-Onone";
			};
			name = Debug;
		};
		88DE36762638FA0D00F91F90 /* Release */ = {
			isa = XCBuildConfiguration;
			buildSettings = {
				ALWAYS_SEARCH_USER_PATHS = NO;
				CLANG_ANALYZER_NONNULL = YES;
				CLANG_ANALYZER_NUMBER_OBJECT_CONVERSION = YES_AGGRESSIVE;
				CLANG_CXX_LANGUAGE_STANDARD = "gnu++14";
				CLANG_CXX_LIBRARY = "libc++";
				CLANG_ENABLE_MODULES = YES;
				CLANG_ENABLE_OBJC_ARC = YES;
				CLANG_ENABLE_OBJC_WEAK = YES;
				CLANG_WARN_BLOCK_CAPTURE_AUTORELEASING = YES;
				CLANG_WARN_BOOL_CONVERSION = YES;
				CLANG_WARN_COMMA = YES;
				CLANG_WARN_CONSTANT_CONVERSION = YES;
				CLANG_WARN_DEPRECATED_OBJC_IMPLEMENTATIONS = YES;
				CLANG_WARN_DIRECT_OBJC_ISA_USAGE = YES_ERROR;
				CLANG_WARN_DOCUMENTATION_COMMENTS = YES;
				CLANG_WARN_EMPTY_BODY = YES;
				CLANG_WARN_ENUM_CONVERSION = YES;
				CLANG_WARN_INFINITE_RECURSION = YES;
				CLANG_WARN_INT_CONVERSION = YES;
				CLANG_WARN_NON_LITERAL_NULL_CONVERSION = YES;
				CLANG_WARN_OBJC_IMPLICIT_RETAIN_SELF = YES;
				CLANG_WARN_OBJC_LITERAL_CONVERSION = YES;
				CLANG_WARN_OBJC_ROOT_CLASS = YES_ERROR;
				CLANG_WARN_QUOTED_INCLUDE_IN_FRAMEWORK_HEADER = YES;
				CLANG_WARN_RANGE_LOOP_ANALYSIS = YES;
				CLANG_WARN_STRICT_PROTOTYPES = YES;
				CLANG_WARN_SUSPICIOUS_MOVE = YES;
				CLANG_WARN_UNGUARDED_AVAILABILITY = YES_AGGRESSIVE;
				CLANG_WARN_UNREACHABLE_CODE = YES;
				CLANG_WARN__DUPLICATE_METHOD_MATCH = YES;
				COPY_PHASE_STRIP = NO;
				DEBUG_INFORMATION_FORMAT = "dwarf-with-dsym";
				ENABLE_NS_ASSERTIONS = NO;
				ENABLE_STRICT_OBJC_MSGSEND = YES;
				GCC_C_LANGUAGE_STANDARD = gnu11;
				GCC_NO_COMMON_BLOCKS = YES;
				GCC_WARN_64_TO_32_BIT_CONVERSION = YES;
				GCC_WARN_ABOUT_RETURN_TYPE = YES_ERROR;
				GCC_WARN_UNDECLARED_SELECTOR = YES;
				GCC_WARN_UNINITIALIZED_AUTOS = YES_AGGRESSIVE;
				GCC_WARN_UNUSED_FUNCTION = YES;
				GCC_WARN_UNUSED_VARIABLE = YES;
				IPHONEOS_DEPLOYMENT_TARGET = 14.4;
				MTL_ENABLE_DEBUG_INFO = NO;
				MTL_FAST_MATH = YES;
				SDKROOT = iphoneos;
				SWIFT_COMPILATION_MODE = wholemodule;
				SWIFT_OPTIMIZATION_LEVEL = "-O";
				VALIDATE_PRODUCT = YES;
			};
			name = Release;
		};
		88DE36782638FA0D00F91F90 /* Debug */ = {
			isa = XCBuildConfiguration;
			buildSettings = {
				ASSETCATALOG_COMPILER_APPICON_NAME = AppIcon;
				ASSETCATALOG_COMPILER_GLOBAL_ACCENT_COLOR_NAME = AccentColor;
				CODE_SIGN_STYLE = Automatic;
				DEVELOPMENT_ASSET_PATHS = "\"Africa/Preview Content\"";
				DEVELOPMENT_TEAM = L23WY88RCA;
				ENABLE_PREVIEWS = YES;
				INFOPLIST_FILE = Africa/Info.plist;
				IPHONEOS_DEPLOYMENT_TARGET = 14.0;
				LD_RUNPATH_SEARCH_PATHS = (
					"$(inherited)",
					"@executable_path/Frameworks",
				);
				PRODUCT_BUNDLE_IDENTIFIER = "com.anis-agwan.ios.Africa";
				PRODUCT_NAME = "$(TARGET_NAME)";
				SWIFT_VERSION = 5.0;
				TARGETED_DEVICE_FAMILY = "1,2";
			};
			name = Debug;
		};
		88DE36792638FA0D00F91F90 /* Release */ = {
			isa = XCBuildConfiguration;
			buildSettings = {
				ASSETCATALOG_COMPILER_APPICON_NAME = AppIcon;
				ASSETCATALOG_COMPILER_GLOBAL_ACCENT_COLOR_NAME = AccentColor;
				CODE_SIGN_STYLE = Automatic;
				DEVELOPMENT_ASSET_PATHS = "\"Africa/Preview Content\"";
				DEVELOPMENT_TEAM = L23WY88RCA;
				ENABLE_PREVIEWS = YES;
				INFOPLIST_FILE = Africa/Info.plist;
				IPHONEOS_DEPLOYMENT_TARGET = 14.0;
				LD_RUNPATH_SEARCH_PATHS = (
					"$(inherited)",
					"@executable_path/Frameworks",
				);
				PRODUCT_BUNDLE_IDENTIFIER = "com.anis-agwan.ios.Africa";
				PRODUCT_NAME = "$(TARGET_NAME)";
				SWIFT_VERSION = 5.0;
				TARGETED_DEVICE_FAMILY = "1,2";
			};
			name = Release;
		};
/* End XCBuildConfiguration section */

/* Begin XCConfigurationList section */
		88DE36632638FA0500F91F90 /* Build configuration list for PBXProject "Africa" */ = {
			isa = XCConfigurationList;
			buildConfigurations = (
				88DE36752638FA0D00F91F90 /* Debug */,
				88DE36762638FA0D00F91F90 /* Release */,
			);
			defaultConfigurationIsVisible = 0;
			defaultConfigurationName = Release;
		};
		88DE36772638FA0D00F91F90 /* Build configuration list for PBXNativeTarget "Africa" */ = {
			isa = XCConfigurationList;
			buildConfigurations = (
				88DE36782638FA0D00F91F90 /* Debug */,
				88DE36792638FA0D00F91F90 /* Release */,
			);
			defaultConfigurationIsVisible = 0;
			defaultConfigurationName = Release;
		};
/* End XCConfigurationList section */
	};
	rootObject = 88DE36602638FA0500F91F90 /* Project object */;
}
